
Microsoft Visual Studio Solution File, Format Version 12.00
# Visual Studio Version 17
VisualStudioVersion = 17.0.31903.59
MinimumVisualStudioVersion = 10.0.40219.1
Project("{9A19103F-16F7-4668-BE54-9A1E7A4F7556}") = "Prowler.KeyPass.Core", "Prowler.KeyPass.Core\Prowler.KeyPass.Core.csproj", "{0551D868-A180-493D-9E7E-8997EB9DE1A1}"
EndProject
Project("{9A19103F-16F7-4668-BE54-9A1E7A4F7556}") = "Prowler.KeyPass.Presentation", "Prowler.KeyPass.Presentation\Prowler.KeyPass.Presentation.csproj", "{0C5231FB-DD27-43A4-A2D3-E596ACE467B7}"
EndProject
Project("{9A19103F-16F7-4668-BE54-9A1E7A4F7556}") = "Prowler.Cipher", "Prowler.Cipher\Prowler.Cipher.csproj", "{1066C004-7280-452F-BC52-C1800FE04275}"
EndProject
Project("{C7167F0D-BC9F-4E6E-AFE1-012C56B48DB5}") = "Prowler Key Pass Package", "Prowler Key Pass Package\Prowler Key Pass Package.wapproj", "{2CA79BBD-BF26-4734-8266-D67E7DF846D3}"
EndProject
Global
	GlobalSection(SolutionConfigurationPlatforms) = preSolution
		All|Any CPU = All|Any CPU
		All|ARM = All|ARM
		All|ARM64 = All|ARM64
		All|x64 = All|x64
		All|x86 = All|x86
		Debug|Any CPU = Debug|Any CPU
		Debug|ARM = Debug|ARM
		Debug|ARM64 = Debug|ARM64
		Debug|x64 = Debug|x64
		Debug|x86 = Debug|x86
		Release|Any CPU = Release|Any CPU
		Release|ARM = Release|ARM
		Release|ARM64 = Release|ARM64
		Release|x64 = Release|x64
		Release|x86 = Release|x86
	EndGlobalSection
	GlobalSection(ProjectConfigurationPlatforms) = postSolution
		{0551D868-A180-493D-9E7E-8997EB9DE1A1}.All|Any CPU.ActiveCfg = Release|Any CPU
		{0551D868-A180-493D-9E7E-8997EB9DE1A1}.All|Any CPU.Build.0 = Release|Any CPU
		{0551D868-A180-493D-9E7E-8997EB9DE1A1}.All|ARM.ActiveCfg = Debug|Any CPU
		{0551D868-A180-493D-9E7E-8997EB9DE1A1}.All|ARM.Build.0 = Debug|Any CPU
		{0551D868-A180-493D-9E7E-8997EB9DE1A1}.All|ARM64.ActiveCfg = Debug|Any CPU
		{0551D868-A180-493D-9E7E-8997EB9DE1A1}.All|ARM64.Build.0 = Debug|Any CPU
		{0551D868-A180-493D-9E7E-8997EB9DE1A1}.All|x64.ActiveCfg = Debug|Any CPU
		{0551D868-A180-493D-9E7E-8997EB9DE1A1}.All|x64.Build.0 = Debug|Any CPU
		{0551D868-A180-493D-9E7E-8997EB9DE1A1}.All|x86.ActiveCfg = Debug|Any CPU
		{0551D868-A180-493D-9E7E-8997EB9DE1A1}.All|x86.Build.0 = Debug|Any CPU
		{0551D868-A180-493D-9E7E-8997EB9DE1A1}.Debug|Any CPU.ActiveCfg = Debug|Any CPU
		{0551D868-A180-493D-9E7E-8997EB9DE1A1}.Debug|Any CPU.Build.0 = Debug|Any CPU
		{0551D868-A180-493D-9E7E-8997EB9DE1A1}.Debug|ARM.ActiveCfg = Debug|Any CPU
		{0551D868-A180-493D-9E7E-8997EB9DE1A1}.Debug|ARM.Build.0 = Debug|Any CPU
		{0551D868-A180-493D-9E7E-8997EB9DE1A1}.Debug|ARM64.ActiveCfg = Debug|Any CPU
		{0551D868-A180-493D-9E7E-8997EB9DE1A1}.Debug|ARM64.Build.0 = Debug|Any CPU
		{0551D868-A180-493D-9E7E-8997EB9DE1A1}.Debug|x64.ActiveCfg = Debug|Any CPU
		{0551D868-A180-493D-9E7E-8997EB9DE1A1}.Debug|x64.Build.0 = Debug|Any CPU
		{0551D868-A180-493D-9E7E-8997EB9DE1A1}.Debug|x86.ActiveCfg = Debug|Any CPU
		{0551D868-A180-493D-9E7E-8997EB9DE1A1}.Debug|x86.Build.0 = Debug|Any CPU
		{0551D868-A180-493D-9E7E-8997EB9DE1A1}.Release|Any CPU.ActiveCfg = Release|Any CPU
		{0551D868-A180-493D-9E7E-8997EB9DE1A1}.Release|Any CPU.Build.0 = Release|Any CPU
		{0551D868-A180-493D-9E7E-8997EB9DE1A1}.Release|ARM.ActiveCfg = Release|Any CPU
		{0551D868-A180-493D-9E7E-8997EB9DE1A1}.Release|ARM.Build.0 = Release|Any CPU
		{0551D868-A180-493D-9E7E-8997EB9DE1A1}.Release|ARM64.ActiveCfg = Release|Any CPU
		{0551D868-A180-493D-9E7E-8997EB9DE1A1}.Release|ARM64.Build.0 = Release|Any CPU
		{0551D868-A180-493D-9E7E-8997EB9DE1A1}.Release|x64.ActiveCfg = Release|Any CPU
		{0551D868-A180-493D-9E7E-8997EB9DE1A1}.Release|x64.Build.0 = Release|Any CPU
		{0551D868-A180-493D-9E7E-8997EB9DE1A1}.Release|x86.ActiveCfg = Release|Any CPU
		{0551D868-A180-493D-9E7E-8997EB9DE1A1}.Release|x86.Build.0 = Release|Any CPU
		{0C5231FB-DD27-43A4-A2D3-E596ACE467B7}.All|Any CPU.ActiveCfg = Release|Any CPU
		{0C5231FB-DD27-43A4-A2D3-E596ACE467B7}.All|Any CPU.Build.0 = Release|Any CPU
		{0C5231FB-DD27-43A4-A2D3-E596ACE467B7}.All|ARM.ActiveCfg = Debug|Any CPU
		{0C5231FB-DD27-43A4-A2D3-E596ACE467B7}.All|ARM.Build.0 = Debug|Any CPU
		{0C5231FB-DD27-43A4-A2D3-E596ACE467B7}.All|ARM64.ActiveCfg = Debug|Any CPU
		{0C5231FB-DD27-43A4-A2D3-E596ACE467B7}.All|ARM64.Build.0 = Debug|Any CPU
		{0C5231FB-DD27-43A4-A2D3-E596ACE467B7}.All|x64.ActiveCfg = Debug|Any CPU
		{0C5231FB-DD27-43A4-A2D3-E596ACE467B7}.All|x64.Build.0 = Debug|Any CPU
		{0C5231FB-DD27-43A4-A2D3-E596ACE467B7}.All|x86.ActiveCfg = Debug|Any CPU
		{0C5231FB-DD27-43A4-A2D3-E596ACE467B7}.All|x86.Build.0 = Debug|Any CPU
		{0C5231FB-DD27-43A4-A2D3-E596ACE467B7}.Debug|Any CPU.ActiveCfg = Debug|Any CPU
		{0C5231FB-DD27-43A4-A2D3-E596ACE467B7}.Debug|Any CPU.Build.0 = Debug|Any CPU
		{0C5231FB-DD27-43A4-A2D3-E596ACE467B7}.Debug|ARM.ActiveCfg = Debug|Any CPU
		{0C5231FB-DD27-43A4-A2D3-E596ACE467B7}.Debug|ARM.Build.0 = Debug|Any CPU
		{0C5231FB-DD27-43A4-A2D3-E596ACE467B7}.Debug|ARM64.ActiveCfg = Debug|Any CPU
		{0C5231FB-DD27-43A4-A2D3-E596ACE467B7}.Debug|ARM64.Build.0 = Debug|Any CPU
		{0C5231FB-DD27-43A4-A2D3-E596ACE467B7}.Debug|x64.ActiveCfg = Debug|Any CPU
		{0C5231FB-DD27-43A4-A2D3-E596ACE467B7}.Debug|x64.Build.0 = Debug|Any CPU
		{0C5231FB-DD27-43A4-A2D3-E596ACE467B7}.Debug|x86.ActiveCfg = Debug|Any CPU
		{0C5231FB-DD27-43A4-A2D3-E596ACE467B7}.Debug|x86.Build.0 = Debug|Any CPU
		{0C5231FB-DD27-43A4-A2D3-E596ACE467B7}.Release|Any CPU.ActiveCfg = Release|Any CPU
		{0C5231FB-DD27-43A4-A2D3-E596ACE467B7}.Release|Any CPU.Build.0 = Release|Any CPU
		{0C5231FB-DD27-43A4-A2D3-E596ACE467B7}.Release|ARM.ActiveCfg = Release|Any CPU
		{0C5231FB-DD27-43A4-A2D3-E596ACE467B7}.Release|ARM.Build.0 = Release|Any CPU
		{0C5231FB-DD27-43A4-A2D3-E596ACE467B7}.Release|ARM64.ActiveCfg = Release|Any CPU
		{0C5231FB-DD27-43A4-A2D3-E596ACE467B7}.Release|ARM64.Build.0 = Release|Any CPU
		{0C5231FB-DD27-43A4-A2D3-E596ACE467B7}.Release|x64.ActiveCfg = Release|Any CPU
		{0C5231FB-DD27-43A4-A2D3-E596ACE467B7}.Release|x64.Build.0 = Release|Any CPU
		{0C5231FB-DD27-43A4-A2D3-E596ACE467B7}.Release|x86.ActiveCfg = Release|Any CPU
		{0C5231FB-DD27-43A4-A2D3-E596ACE467B7}.Release|x86.Build.0 = Release|Any CPU
		{1066C004-7280-452F-BC52-C1800FE04275}.All|Any CPU.ActiveCfg = Release|Any CPU
		{1066C004-7280-452F-BC52-C1800FE04275}.All|Any CPU.Build.0 = Release|Any CPU
		{1066C004-7280-452F-BC52-C1800FE04275}.All|ARM.ActiveCfg = Debug|Any CPU
		{1066C004-7280-452F-BC52-C1800FE04275}.All|ARM.Build.0 = Debug|Any CPU
		{1066C004-7280-452F-BC52-C1800FE04275}.All|ARM64.ActiveCfg = Debug|Any CPU
		{1066C004-7280-452F-BC52-C1800FE04275}.All|ARM64.Build.0 = Debug|Any CPU
		{1066C004-7280-452F-BC52-C1800FE04275}.All|x64.ActiveCfg = Debug|Any CPU
		{1066C004-7280-452F-BC52-C1800FE04275}.All|x64.Build.0 = Debug|Any CPU
		{1066C004-7280-452F-BC52-C1800FE04275}.All|x86.ActiveCfg = Debug|Any CPU
		{1066C004-7280-452F-BC52-C1800FE04275}.All|x86.Build.0 = Debug|Any CPU
		{1066C004-7280-452F-BC52-C1800FE04275}.Debug|Any CPU.ActiveCfg = Debug|Any CPU
		{1066C004-7280-452F-BC52-C1800FE04275}.Debug|Any CPU.Build.0 = Debug|Any CPU
		{1066C004-7280-452F-BC52-C1800FE04275}.Debug|ARM.ActiveCfg = Debug|Any CPU
		{1066C004-7280-452F-BC52-C1800FE04275}.Debug|ARM.Build.0 = Debug|Any CPU
		{1066C004-7280-452F-BC52-C1800FE04275}.Debug|ARM64.ActiveCfg = Debug|Any CPU
		{1066C004-7280-452F-BC52-C1800FE04275}.Debug|ARM64.Build.0 = Debug|Any CPU
		{1066C004-7280-452F-BC52-C1800FE04275}.Debug|x64.ActiveCfg = Debug|Any CPU
		{1066C004-7280-452F-BC52-C1800FE04275}.Debug|x64.Build.0 = Debug|Any CPU
		{1066C004-7280-452F-BC52-C1800FE04275}.Debug|x86.ActiveCfg = Debug|Any CPU
		{1066C004-7280-452F-BC52-C1800FE04275}.Debug|x86.Build.0 = Debug|Any CPU
		{1066C004-7280-452F-BC52-C1800FE04275}.Release|Any CPU.ActiveCfg = Release|Any CPU
		{1066C004-7280-452F-BC52-C1800FE04275}.Release|Any CPU.Build.0 = Release|Any CPU
		{1066C004-7280-452F-BC52-C1800FE04275}.Release|ARM.ActiveCfg = Release|Any CPU
		{1066C004-7280-452F-BC52-C1800FE04275}.Release|ARM.Build.0 = Release|Any CPU
		{1066C004-7280-452F-BC52-C1800FE04275}.Release|ARM64.ActiveCfg = Release|Any CPU
		{1066C004-7280-452F-BC52-C1800FE04275}.Release|ARM64.Build.0 = Release|Any CPU
		{1066C004-7280-452F-BC52-C1800FE04275}.Release|x64.ActiveCfg = Release|Any CPU
		{1066C004-7280-452F-BC52-C1800FE04275}.Release|x64.Build.0 = Release|Any CPU
		{1066C004-7280-452F-BC52-C1800FE04275}.Release|x86.ActiveCfg = Release|Any CPU
		{1066C004-7280-452F-BC52-C1800FE04275}.Release|x86.Build.0 = Release|Any CPU
		{2CA79BBD-BF26-4734-8266-D67E7DF846D3}.All|Any CPU.ActiveCfg = Release|Any CPU
		{2CA79BBD-BF26-4734-8266-D67E7DF846D3}.All|Any CPU.Build.0 = Release|Any CPU
		{2CA79BBD-BF26-4734-8266-D67E7DF846D3}.All|Any CPU.Deploy.0 = Release|Any CPU
		{2CA79BBD-BF26-4734-8266-D67E7DF846D3}.All|ARM.ActiveCfg = Debug|ARM
		{2CA79BBD-BF26-4734-8266-D67E7DF846D3}.All|ARM.Build.0 = Debug|ARM
		{2CA79BBD-BF26-4734-8266-D67E7DF846D3}.All|ARM.Deploy.0 = Debug|ARM
		{2CA79BBD-BF26-4734-8266-D67E7DF846D3}.All|ARM64.ActiveCfg = Debug|ARM64
		{2CA79BBD-BF26-4734-8266-D67E7DF846D3}.All|ARM64.Build.0 = Debug|ARM64
		{2CA79BBD-BF26-4734-8266-D67E7DF846D3}.All|ARM64.Deploy.0 = Debug|ARM64
		{2CA79BBD-BF26-4734-8266-D67E7DF846D3}.All|x64.ActiveCfg = Debug|x64
		{2CA79BBD-BF26-4734-8266-D67E7DF846D3}.All|x64.Build.0 = Debug|x64
		{2CA79BBD-BF26-4734-8266-D67E7DF846D3}.All|x64.Deploy.0 = Debug|x64
		{2CA79BBD-BF26-4734-8266-D67E7DF846D3}.All|x86.ActiveCfg = Debug|x86
		{2CA79BBD-BF26-4734-8266-D67E7DF846D3}.All|x86.Build.0 = Debug|x86
		{2CA79BBD-BF26-4734-8266-D67E7DF846D3}.All|x86.Deploy.0 = Debug|x86
		{2CA79BBD-BF26-4734-8266-D67E7DF846D3}.Debug|Any CPU.ActiveCfg = Debug|Any CPU
		{2CA79BBD-BF26-4734-8266-D67E7DF846D3}.Debug|Any CPU.Build.0 = Debug|Any CPU
		{2CA79BBD-BF26-4734-8266-D67E7DF846D3}.Debug|Any CPU.Deploy.0 = Debug|Any CPU
		{2CA79BBD-BF26-4734-8266-D67E7DF846D3}.Debug|ARM.ActiveCfg = Debug|ARM
		{2CA79BBD-BF26-4734-8266-D67E7DF846D3}.Debug|ARM.Build.0 = Debug|ARM
		{2CA79BBD-BF26-4734-8266-D67E7DF846D3}.Debug|ARM.Deploy.0 = Debug|ARM
		{2CA79BBD-BF26-4734-8266-D67E7DF846D3}.Debug|ARM64.ActiveCfg = Debug|ARM64
		{2CA79BBD-BF26-4734-8266-D67E7DF846D3}.Debug|ARM64.Build.0 = Debug|ARM64
		{2CA79BBD-BF26-4734-8266-D67E7DF846D3}.Debug|ARM64.Deploy.0 = Debug|ARM64
		{2CA79BBD-BF26-4734-8266-D67E7DF846D3}.Debug|x64.ActiveCfg = Debug|x64
		{2CA79BBD-BF26-4734-8266-D67E7DF846D3}.Debug|x64.Build.0 = Debug|x64
		{2CA79BBD-BF26-4734-8266-D67E7DF846D3}.Debug|x64.Deploy.0 = Debug|x64
		{2CA79BBD-BF26-4734-8266-D67E7DF846D3}.Debug|x86.ActiveCfg = Debug|x86
		{2CA79BBD-BF26-4734-8266-D67E7DF846D3}.Debug|x86.Build.0 = Debug|x86
		{2CA79BBD-BF26-4734-8266-D67E7DF846D3}.Debug|x86.Deploy.0 = Debug|x86
		{2CA79BBD-BF26-4734-8266-D67E7DF846D3}.Release|Any CPU.ActiveCfg = Release|Any CPU
		{2CA79BBD-BF26-4734-8266-D67E7DF846D3}.Release|Any CPU.Build.0 = Release|Any CPU
		{2CA79BBD-BF26-4734-8266-D67E7DF846D3}.Release|Any CPU.Deploy.0 = Release|Any CPU
		{2CA79BBD-BF26-4734-8266-D67E7DF846D3}.Release|ARM.ActiveCfg = Release|ARM
		{2CA79BBD-BF26-4734-8266-D67E7DF846D3}.Release|ARM.Build.0 = Release|ARM
		{2CA79BBD-BF26-4734-8266-D67E7DF846D3}.Release|ARM.Deploy.0 = Release|ARM
		{2CA79BBD-BF26-4734-8266-D67E7DF846D3}.Release|ARM64.ActiveCfg = Release|ARM64
		{2CA79BBD-BF26-4734-8266-D67E7DF846D3}.Release|ARM64.Build.0 = Release|ARM64
		{2CA79BBD-BF26-4734-8266-D67E7DF846D3}.Release|ARM64.Deploy.0 = Release|ARM64
		{2CA79BBD-BF26-4734-8266-D67E7DF846D3}.Release|x64.ActiveCfg = Release|x64
		{2CA79BBD-BF26-4734-8266-D67E7DF846D3}.Release|x64.Build.0 = Release|x64
		{2CA79BBD-BF26-4734-8266-D67E7DF846D3}.Release|x64.Deploy.0 = Release|x64
		{2CA79BBD-BF26-4734-8266-D67E7DF846D3}.Release|x86.ActiveCfg = Release|x86
		{2CA79BBD-BF26-4734-8266-D67E7DF846D3}.Release|x86.Build.0 = Release|x86
		{2CA79BBD-BF26-4734-8266-D67E7DF846D3}.Release|x86.Deploy.0 = Release|x86
	EndGlobalSection
	GlobalSection(SolutionProperties) = preSolution
		HideSolutionNode = FALSE
	EndGlobalSection
	GlobalSection(ExtensibilityGlobals) = postSolution
		SolutionGuid = {B368AA87-62B7-4772-B9B4-5D5D4F66C8F1}
	EndGlobalSection
EndGlobal
